
Microsoft Visual Studio Solution File, Format Version 12.00
# Visual Studio Version 17
VisualStudioVersion = 17.8.34316.72
MinimumVisualStudioVersion = 10.0.40219.1
Project("{FAE04EC0-301F-11D3-BF4B-00C04F79EFBC}") = "DescargueArchivosClieteServidor.Server", "Server\DescargueArchivosClieteServidor.Server.csproj", "{DDA380A8-C172-43B4-9F85-49E19E118A10}"
EndProject
Project("{FAE04EC0-301F-11D3-BF4B-00C04F79EFBC}") = "DescargueArchivosClieteServidor.Client", "Client\DescargueArchivosClieteServidor.Client.csproj", "{DE57C96D-0A1C-40DA-9F86-A5F4EDD59003}"
EndProject
Project("{FAE04EC0-301F-11D3-BF4B-00C04F79EFBC}") = "DescargueArchivosClieteServidor.Shared", "Shared\DescargueArchivosClieteServidor.Shared.csproj", "{828C7FFF-C095-4D72-B89B-5B104CFA9F89}"
EndProject
Global
	GlobalSection(SolutionConfigurationPlatforms) = preSolution
		Debug|Any CPU = Debug|Any CPU
		Release|Any CPU = Release|Any CPU
	EndGlobalSection
	GlobalSection(ProjectConfigurationPlatforms) = postSolution
		{DDA380A8-C172-43B4-9F85-49E19E118A10}.Debug|Any CPU.ActiveCfg = Debug|Any CPU
		{DDA380A8-C172-43B4-9F85-49E19E118A10}.Debug|Any CPU.Build.0 = Debug|Any CPU
		{DDA380A8-C172-43B4-9F85-49E19E118A10}.Release|Any CPU.ActiveCfg = Release|Any CPU
		{DDA380A8-C172-43B4-9F85-49E19E118A10}.Release|Any CPU.Build.0 = Release|Any CPU
		{DE57C96D-0A1C-40DA-9F86-A5F4EDD59003}.Debug|Any CPU.ActiveCfg = Debug|Any CPU
		{DE57C96D-0A1C-40DA-9F86-A5F4EDD59003}.Debug|Any CPU.Build.0 = Debug|Any CPU
		{DE57C96D-0A1C-40DA-9F86-A5F4EDD59003}.Release|Any CPU.ActiveCfg = Release|Any CPU
		{DE57C96D-0A1C-40DA-9F86-A5F4EDD59003}.Release|Any CPU.Build.0 = Release|Any CPU
		{828C7FFF-C095-4D72-B89B-5B104CFA9F89}.Debug|Any CPU.ActiveCfg = Debug|Any CPU
		{828C7FFF-C095-4D72-B89B-5B104CFA9F89}.Debug|Any CPU.Build.0 = Debug|Any CPU
		{828C7FFF-C095-4D72-B89B-5B104CFA9F89}.Release|Any CPU.ActiveCfg = Release|Any CPU
		{828C7FFF-C095-4D72-B89B-5B104CFA9F89}.Release|Any CPU.Build.0 = Release|Any CPU
	EndGlobalSection
	GlobalSection(SolutionProperties) = preSolution
		HideSolutionNode = FALSE
	EndGlobalSection
	GlobalSection(ExtensibilityGlobals) = postSolution
		SolutionGuid = {15C35758-729C-4A3C-83AB-5E73AC80A37C}
	EndGlobalSection
EndGlobal
