
Microsoft Visual Studio Solution File, Format Version 12.00
# Visual Studio Version 17
VisualStudioVersion = 17.8.34316.72
MinimumVisualStudioVersion = 10.0.40219.1
Project("{FAE04EC0-301F-11D3-BF4B-00C04F79EFBC}") = "DirectorioOficial.Server", "Server\DirectorioOficial.Server.csproj", "{A579F0E7-ED4B-45AD-80A7-18C9E3426669}"
EndProject
Project("{FAE04EC0-301F-11D3-BF4B-00C04F79EFBC}") = "DirectorioOficial.Client", "Client\DirectorioOficial.Client.csproj", "{0D0D7D11-3E89-4D79-BD3D-DE301867AF48}"
EndProject
Project("{FAE04EC0-301F-11D3-BF4B-00C04F79EFBC}") = "DirectorioOficial.Shared", "Shared\DirectorioOficial.Shared.csproj", "{FDFCE76D-16E0-4D79-B633-89992C380802}"
EndProject
Global
	GlobalSection(SolutionConfigurationPlatforms) = preSolution
		Debug|Any CPU = Debug|Any CPU
		Release|Any CPU = Release|Any CPU
	EndGlobalSection
	GlobalSection(ProjectConfigurationPlatforms) = postSolution
		{A579F0E7-ED4B-45AD-80A7-18C9E3426669}.Debug|Any CPU.ActiveCfg = Debug|Any CPU
		{A579F0E7-ED4B-45AD-80A7-18C9E3426669}.Debug|Any CPU.Build.0 = Debug|Any CPU
		{A579F0E7-ED4B-45AD-80A7-18C9E3426669}.Release|Any CPU.ActiveCfg = Release|Any CPU
		{A579F0E7-ED4B-45AD-80A7-18C9E3426669}.Release|Any CPU.Build.0 = Release|Any CPU
		{0D0D7D11-3E89-4D79-BD3D-DE301867AF48}.Debug|Any CPU.ActiveCfg = Debug|Any CPU
		{0D0D7D11-3E89-4D79-BD3D-DE301867AF48}.Debug|Any CPU.Build.0 = Debug|Any CPU
		{0D0D7D11-3E89-4D79-BD3D-DE301867AF48}.Release|Any CPU.ActiveCfg = Release|Any CPU
		{0D0D7D11-3E89-4D79-BD3D-DE301867AF48}.Release|Any CPU.Build.0 = Release|Any CPU
		{FDFCE76D-16E0-4D79-B633-89992C380802}.Debug|Any CPU.ActiveCfg = Debug|Any CPU
		{FDFCE76D-16E0-4D79-B633-89992C380802}.Debug|Any CPU.Build.0 = Debug|Any CPU
		{FDFCE76D-16E0-4D79-B633-89992C380802}.Release|Any CPU.ActiveCfg = Release|Any CPU
		{FDFCE76D-16E0-4D79-B633-89992C380802}.Release|Any CPU.Build.0 = Release|Any CPU
	EndGlobalSection
	GlobalSection(SolutionProperties) = preSolution
		HideSolutionNode = FALSE
	EndGlobalSection
	GlobalSection(ExtensibilityGlobals) = postSolution
		SolutionGuid = {8056807C-1EF8-4678-BCCE-270511E92666}
	EndGlobalSection
EndGlobal
